
Microsoft Visual Studio Solution File, Format Version 12.00
# Visual Studio Version 17
VisualStudioVersion = 17.0.31912.275
MinimumVisualStudioVersion = 10.0.40219.1
Project("{FAE04EC0-301F-11D3-BF4B-00C04F79EFBC}") = "Principios Solid", "Principios Solid\Principios Solid.csproj", "{CCB52779-7315-426A-B023-15166EC92BEE}"
EndProject
Global
	GlobalSection(SolutionConfigurationPlatforms) = preSolution
		Debug|Any CPU = Debug|Any CPU
		Release|Any CPU = Release|Any CPU
	EndGlobalSection
	GlobalSection(ProjectConfigurationPlatforms) = postSolution
		{CCB52779-7315-426A-B023-15166EC92BEE}.Debug|Any CPU.ActiveCfg = Debug|Any CPU
		{CCB52779-7315-426A-B023-15166EC92BEE}.Debug|Any CPU.Build.0 = Debug|Any CPU
		{CCB52779-7315-426A-B023-15166EC92BEE}.Release|Any CPU.ActiveCfg = Release|Any CPU
		{CCB52779-7315-426A-B023-15166EC92BEE}.Release|Any CPU.Build.0 = Release|Any CPU
	EndGlobalSection
	GlobalSection(SolutionProperties) = preSolution
		HideSolutionNode = FALSE
	EndGlobalSection
	GlobalSection(ExtensibilityGlobals) = postSolution
		SolutionGuid = {F76385D6-9561-4168-A449-1D174C09CDF9}
	EndGlobalSection
EndGlobal
